
Microsoft Visual Studio Solution File, Format Version 12.00
# Visual Studio Version 17
VisualStudioVersion = 17.4.33110.190
MinimumVisualStudioVersion = 10.0.40219.1
Project("{FAE04EC0-301F-11D3-BF4B-00C04F79EFBC}") = "NodifyTester", "NodifyTester.csproj", "{7FAB02AB-B3D0-48C7-ABF7-B2601ECAFCDC}"
EndProject
Global
	GlobalSection(SolutionConfigurationPlatforms) = preSolution
		Debug|Any CPU = Debug|Any CPU
		Release|Any CPU = Release|Any CPU
	EndGlobalSection
	GlobalSection(ProjectConfigurationPlatforms) = postSolution
		{7FAB02AB-B3D0-48C7-ABF7-B2601ECAFCDC}.Debug|Any CPU.ActiveCfg = Debug|Any CPU
		{7FAB02AB-B3D0-48C7-ABF7-B2601ECAFCDC}.Debug|Any CPU.Build.0 = Debug|Any CPU
		{7FAB02AB-B3D0-48C7-ABF7-B2601ECAFCDC}.Release|Any CPU.ActiveCfg = Release|Any CPU
		{7FAB02AB-B3D0-48C7-ABF7-B2601ECAFCDC}.Release|Any CPU.Build.0 = Release|Any CPU
	EndGlobalSection
	GlobalSection(SolutionProperties) = preSolution
		HideSolutionNode = FALSE
	EndGlobalSection
	GlobalSection(ExtensibilityGlobals) = postSolution
		SolutionGuid = {D8BB8EA8-DEE3-4227-BB97-9666E4ABA599}
	EndGlobalSection
EndGlobal
